
Microsoft Visual Studio Solution File, Format Version 12.00
# Visual Studio Version 16
VisualStudioVersion = 16.0.29905.134
MinimumVisualStudioVersion = 10.0.40219.1
Project("{FAE04EC0-301F-11D3-BF4B-00C04F79EFBC}") = "VkBotApi", "VkBotApi.csproj", "{30C4D084-8D41-484B-AD29-B43F3B86565F}"
EndProject
Global
	GlobalSection(SolutionConfigurationPlatforms) = preSolution
		Debug|Any CPU = Debug|Any CPU
		Release|Any CPU = Release|Any CPU
	EndGlobalSection
	GlobalSection(ProjectConfigurationPlatforms) = postSolution
		{30C4D084-8D41-484B-AD29-B43F3B86565F}.Debug|Any CPU.ActiveCfg = Debug|Any CPU
		{30C4D084-8D41-484B-AD29-B43F3B86565F}.Debug|Any CPU.Build.0 = Debug|Any CPU
		{30C4D084-8D41-484B-AD29-B43F3B86565F}.Release|Any CPU.ActiveCfg = Release|Any CPU
		{30C4D084-8D41-484B-AD29-B43F3B86565F}.Release|Any CPU.Build.0 = Release|Any CPU
	EndGlobalSection
	GlobalSection(SolutionProperties) = preSolution
		HideSolutionNode = FALSE
	EndGlobalSection
	GlobalSection(ExtensibilityGlobals) = postSolution
		SolutionGuid = {6659043B-0194-4048-BC65-D21EB461F626}
	EndGlobalSection
EndGlobal
